
Microsoft Visual Studio Solution File, Format Version 12.00
# Visual Studio Version 17
VisualStudioVersion = 17.0.31903.59
MinimumVisualStudioVersion = 10.0.40219.1
Project("{2150E333-8FDC-42A3-9474-1A3956D46DE8}") = "Domain-Logic", "Domain-Logic", "{52DED4E7-48C4-4DEA-98B8-B71869CC04DD}"
EndProject
Project("{FAE04EC0-301F-11D3-BF4B-00C04F79EFBC}") = "TransactionScript", "Domain-Logic\TransactionScript\TransactionScript.csproj", "{5894D668-558A-4248-9FE6-65464138E3A8}"
EndProject
Project("{FAE04EC0-301F-11D3-BF4B-00C04F79EFBC}") = "DomainModel", "Domain-Logic\DomainModel\DomainModel.csproj", "{3195389A-26D3-4322-AAAF-AE2BCF50FF26}"
EndProject
Project("{FAE04EC0-301F-11D3-BF4B-00C04F79EFBC}") = "TableModule", "Domain-Logic\TableModule\TableModule.csproj", "{9E94526B-D186-4501-ADAA-4BA976B1BB7A}"
EndProject
Project("{FAE04EC0-301F-11D3-BF4B-00C04F79EFBC}") = "ServiceLayer", "Domain-Logic\ServiceLayer\ServiceLayer.csproj", "{492E19C0-48DD-4931-B89D-D178A21946A3}"
EndProject
Project("{2150E333-8FDC-42A3-9474-1A3956D46DE8}") = "Data-Source", "Data-Source", "{6F96AE70-5ED7-4499-8705-BC354B40C0AC}"
EndProject
Project("{FAE04EC0-301F-11D3-BF4B-00C04F79EFBC}") = "TableDataGateway", "Data-Source\TableDataGateway\TableDataGateway.csproj", "{D6405202-2147-4DFC-A594-3C7DE99845AE}"
EndProject
Project("{FAE04EC0-301F-11D3-BF4B-00C04F79EFBC}") = "RowDataGateway", "Data-Source\RowDataGateway\RowDataGateway.csproj", "{A0B8BEBC-1DDA-4709-BACE-3867E034E74F}"
EndProject
Project("{FAE04EC0-301F-11D3-BF4B-00C04F79EFBC}") = "ActiveRecord", "Data-Source\ActiveRecord\ActiveRecord.csproj", "{8BD06B75-6AEF-430E-8E97-A1AE32D2AB7C}"
EndProject
Project("{FAE04EC0-301F-11D3-BF4B-00C04F79EFBC}") = "DataMapper", "Data-Source\DataMapper\DataMapper.csproj", "{4949C6AD-A25E-4D22-B3ED-5F0E48D5AB1E}"
EndProject
Project("{2150E333-8FDC-42A3-9474-1A3956D46DE8}") = "Object-Relational-Behavioral", "Object-Relational-Behavioral", "{C6BBA36C-9C97-4AE6-91DC-7E944332886C}"
EndProject
Project("{FAE04EC0-301F-11D3-BF4B-00C04F79EFBC}") = "UnitOfWork", "Object-Relational-Behavioral\UnitOfWork\UnitOfWork.csproj", "{8C25428D-1D0D-468E-9337-2A276C2289BF}"
EndProject
Project("{FAE04EC0-301F-11D3-BF4B-00C04F79EFBC}") = "IdentityMap", "Object-Relational-Behavioral\IdentityMap\IdentityMap.csproj", "{2032E3D5-7366-46FB-B280-E9DD40155CCD}"
EndProject
Project("{FAE04EC0-301F-11D3-BF4B-00C04F79EFBC}") = "LazyLoad", "Object-Relational-Behavioral\LazyLoad\LazyLoad.csproj", "{D2A1F182-1DF0-4D65-8155-0C58A970E40C}"
EndProject
Project("{2150E333-8FDC-42A3-9474-1A3956D46DE8}") = "Object-Relational-Structural", "Object-Relational-Structural", "{28C4F15B-2C34-4165-BE5C-D975A41117C7}"
EndProject
Project("{FAE04EC0-301F-11D3-BF4B-00C04F79EFBC}") = "IdentityField", "Object-Relational-Structural\IdentityField\IdentityField.csproj", "{AB830EDB-8548-4D20-B886-82EB3DF99E1E}"
EndProject
Project("{FAE04EC0-301F-11D3-BF4B-00C04F79EFBC}") = "ForeignKeyMapping", "Object-Relational-Structural\ForeignKeyMapping\ForeignKeyMapping.csproj", "{65A357D1-3254-4BED-BAD0-738939D5BD40}"
EndProject
Project("{FAE04EC0-301F-11D3-BF4B-00C04F79EFBC}") = "AssociationTableMapping", "Object-Relational-Structural\AssociationTableMapping\AssociationTableMapping.csproj", "{5A26C604-76F0-4F61-810D-7C4A79463BB9}"
EndProject
Project("{FAE04EC0-301F-11D3-BF4B-00C04F79EFBC}") = "DependentMapping", "Object-Relational-Structural\DependentMapping\DependentMapping.csproj", "{AF7568B7-546E-4634-9797-4DFF5AEE9191}"
EndProject
Project("{FAE04EC0-301F-11D3-BF4B-00C04F79EFBC}") = "EmbeddedValue", "Object-Relational-Structural\EmbeddedValue\EmbeddedValue.csproj", "{4B6898D7-90F3-448A-9B50-540EEED0EDEC}"
EndProject
Project("{FAE04EC0-301F-11D3-BF4B-00C04F79EFBC}") = "SerializedLOB", "Object-Relational-Structural\SerializedLOB\SerializedLOB.csproj", "{D5A2742E-383F-4529-8553-26D2A7B9A9A7}"
EndProject
Project("{FAE04EC0-301F-11D3-BF4B-00C04F79EFBC}") = "Startup", "Startup\Startup.csproj", "{A13546CC-5858-486C-9B9B-DE97C05D4896}"
EndProject
Global
	GlobalSection(SolutionConfigurationPlatforms) = preSolution
		Debug|Any CPU = Debug|Any CPU
		Release|Any CPU = Release|Any CPU
	EndGlobalSection
	GlobalSection(ProjectConfigurationPlatforms) = postSolution
		{5894D668-558A-4248-9FE6-65464138E3A8}.Debug|Any CPU.ActiveCfg = Debug|Any CPU
		{5894D668-558A-4248-9FE6-65464138E3A8}.Debug|Any CPU.Build.0 = Debug|Any CPU
		{5894D668-558A-4248-9FE6-65464138E3A8}.Release|Any CPU.ActiveCfg = Release|Any CPU
		{5894D668-558A-4248-9FE6-65464138E3A8}.Release|Any CPU.Build.0 = Release|Any CPU
		{3195389A-26D3-4322-AAAF-AE2BCF50FF26}.Debug|Any CPU.ActiveCfg = Debug|Any CPU
		{3195389A-26D3-4322-AAAF-AE2BCF50FF26}.Debug|Any CPU.Build.0 = Debug|Any CPU
		{3195389A-26D3-4322-AAAF-AE2BCF50FF26}.Release|Any CPU.ActiveCfg = Release|Any CPU
		{3195389A-26D3-4322-AAAF-AE2BCF50FF26}.Release|Any CPU.Build.0 = Release|Any CPU
		{9E94526B-D186-4501-ADAA-4BA976B1BB7A}.Debug|Any CPU.ActiveCfg = Debug|Any CPU
		{9E94526B-D186-4501-ADAA-4BA976B1BB7A}.Debug|Any CPU.Build.0 = Debug|Any CPU
		{9E94526B-D186-4501-ADAA-4BA976B1BB7A}.Release|Any CPU.ActiveCfg = Release|Any CPU
		{9E94526B-D186-4501-ADAA-4BA976B1BB7A}.Release|Any CPU.Build.0 = Release|Any CPU
		{492E19C0-48DD-4931-B89D-D178A21946A3}.Debug|Any CPU.ActiveCfg = Debug|Any CPU
		{492E19C0-48DD-4931-B89D-D178A21946A3}.Debug|Any CPU.Build.0 = Debug|Any CPU
		{492E19C0-48DD-4931-B89D-D178A21946A3}.Release|Any CPU.ActiveCfg = Release|Any CPU
		{492E19C0-48DD-4931-B89D-D178A21946A3}.Release|Any CPU.Build.0 = Release|Any CPU
		{D6405202-2147-4DFC-A594-3C7DE99845AE}.Debug|Any CPU.ActiveCfg = Debug|Any CPU
		{D6405202-2147-4DFC-A594-3C7DE99845AE}.Debug|Any CPU.Build.0 = Debug|Any CPU
		{D6405202-2147-4DFC-A594-3C7DE99845AE}.Release|Any CPU.ActiveCfg = Release|Any CPU
		{D6405202-2147-4DFC-A594-3C7DE99845AE}.Release|Any CPU.Build.0 = Release|Any CPU
		{A0B8BEBC-1DDA-4709-BACE-3867E034E74F}.Debug|Any CPU.ActiveCfg = Debug|Any CPU
		{A0B8BEBC-1DDA-4709-BACE-3867E034E74F}.Debug|Any CPU.Build.0 = Debug|Any CPU
		{A0B8BEBC-1DDA-4709-BACE-3867E034E74F}.Release|Any CPU.ActiveCfg = Release|Any CPU
		{A0B8BEBC-1DDA-4709-BACE-3867E034E74F}.Release|Any CPU.Build.0 = Release|Any CPU
		{8BD06B75-6AEF-430E-8E97-A1AE32D2AB7C}.Debug|Any CPU.ActiveCfg = Debug|Any CPU
		{8BD06B75-6AEF-430E-8E97-A1AE32D2AB7C}.Debug|Any CPU.Build.0 = Debug|Any CPU
		{8BD06B75-6AEF-430E-8E97-A1AE32D2AB7C}.Release|Any CPU.ActiveCfg = Release|Any CPU
		{8BD06B75-6AEF-430E-8E97-A1AE32D2AB7C}.Release|Any CPU.Build.0 = Release|Any CPU
		{4949C6AD-A25E-4D22-B3ED-5F0E48D5AB1E}.Debug|Any CPU.ActiveCfg = Debug|Any CPU
		{4949C6AD-A25E-4D22-B3ED-5F0E48D5AB1E}.Debug|Any CPU.Build.0 = Debug|Any CPU
		{4949C6AD-A25E-4D22-B3ED-5F0E48D5AB1E}.Release|Any CPU.ActiveCfg = Release|Any CPU
		{4949C6AD-A25E-4D22-B3ED-5F0E48D5AB1E}.Release|Any CPU.Build.0 = Release|Any CPU
		{8C25428D-1D0D-468E-9337-2A276C2289BF}.Debug|Any CPU.ActiveCfg = Debug|Any CPU
		{8C25428D-1D0D-468E-9337-2A276C2289BF}.Debug|Any CPU.Build.0 = Debug|Any CPU
		{8C25428D-1D0D-468E-9337-2A276C2289BF}.Release|Any CPU.ActiveCfg = Release|Any CPU
		{8C25428D-1D0D-468E-9337-2A276C2289BF}.Release|Any CPU.Build.0 = Release|Any CPU
		{2032E3D5-7366-46FB-B280-E9DD40155CCD}.Debug|Any CPU.ActiveCfg = Debug|Any CPU
		{2032E3D5-7366-46FB-B280-E9DD40155CCD}.Debug|Any CPU.Build.0 = Debug|Any CPU
		{2032E3D5-7366-46FB-B280-E9DD40155CCD}.Release|Any CPU.ActiveCfg = Release|Any CPU
		{2032E3D5-7366-46FB-B280-E9DD40155CCD}.Release|Any CPU.Build.0 = Release|Any CPU
		{D2A1F182-1DF0-4D65-8155-0C58A970E40C}.Debug|Any CPU.ActiveCfg = Debug|Any CPU
		{D2A1F182-1DF0-4D65-8155-0C58A970E40C}.Debug|Any CPU.Build.0 = Debug|Any CPU
		{D2A1F182-1DF0-4D65-8155-0C58A970E40C}.Release|Any CPU.ActiveCfg = Release|Any CPU
		{D2A1F182-1DF0-4D65-8155-0C58A970E40C}.Release|Any CPU.Build.0 = Release|Any CPU
		{AB830EDB-8548-4D20-B886-82EB3DF99E1E}.Debug|Any CPU.ActiveCfg = Debug|Any CPU
		{AB830EDB-8548-4D20-B886-82EB3DF99E1E}.Debug|Any CPU.Build.0 = Debug|Any CPU
		{AB830EDB-8548-4D20-B886-82EB3DF99E1E}.Release|Any CPU.ActiveCfg = Release|Any CPU
		{AB830EDB-8548-4D20-B886-82EB3DF99E1E}.Release|Any CPU.Build.0 = Release|Any CPU
		{65A357D1-3254-4BED-BAD0-738939D5BD40}.Debug|Any CPU.ActiveCfg = Debug|Any CPU
		{65A357D1-3254-4BED-BAD0-738939D5BD40}.Debug|Any CPU.Build.0 = Debug|Any CPU
		{65A357D1-3254-4BED-BAD0-738939D5BD40}.Release|Any CPU.ActiveCfg = Release|Any CPU
		{65A357D1-3254-4BED-BAD0-738939D5BD40}.Release|Any CPU.Build.0 = Release|Any CPU
		{5A26C604-76F0-4F61-810D-7C4A79463BB9}.Debug|Any CPU.ActiveCfg = Debug|Any CPU
		{5A26C604-76F0-4F61-810D-7C4A79463BB9}.Debug|Any CPU.Build.0 = Debug|Any CPU
		{5A26C604-76F0-4F61-810D-7C4A79463BB9}.Release|Any CPU.ActiveCfg = Release|Any CPU
		{5A26C604-76F0-4F61-810D-7C4A79463BB9}.Release|Any CPU.Build.0 = Release|Any CPU
		{AF7568B7-546E-4634-9797-4DFF5AEE9191}.Debug|Any CPU.ActiveCfg = Debug|Any CPU
		{AF7568B7-546E-4634-9797-4DFF5AEE9191}.Debug|Any CPU.Build.0 = Debug|Any CPU
		{AF7568B7-546E-4634-9797-4DFF5AEE9191}.Release|Any CPU.ActiveCfg = Release|Any CPU
		{AF7568B7-546E-4634-9797-4DFF5AEE9191}.Release|Any CPU.Build.0 = Release|Any CPU
		{4B6898D7-90F3-448A-9B50-540EEED0EDEC}.Debug|Any CPU.ActiveCfg = Debug|Any CPU
		{4B6898D7-90F3-448A-9B50-540EEED0EDEC}.Debug|Any CPU.Build.0 = Debug|Any CPU
		{4B6898D7-90F3-448A-9B50-540EEED0EDEC}.Release|Any CPU.ActiveCfg = Release|Any CPU
		{4B6898D7-90F3-448A-9B50-540EEED0EDEC}.Release|Any CPU.Build.0 = Release|Any CPU
		{D5A2742E-383F-4529-8553-26D2A7B9A9A7}.Debug|Any CPU.ActiveCfg = Debug|Any CPU
		{D5A2742E-383F-4529-8553-26D2A7B9A9A7}.Debug|Any CPU.Build.0 = Debug|Any CPU
		{D5A2742E-383F-4529-8553-26D2A7B9A9A7}.Release|Any CPU.ActiveCfg = Release|Any CPU
		{D5A2742E-383F-4529-8553-26D2A7B9A9A7}.Release|Any CPU.Build.0 = Release|Any CPU
		{A13546CC-5858-486C-9B9B-DE97C05D4896}.Debug|Any CPU.ActiveCfg = Debug|Any CPU
		{A13546CC-5858-486C-9B9B-DE97C05D4896}.Debug|Any CPU.Build.0 = Debug|Any CPU
		{A13546CC-5858-486C-9B9B-DE97C05D4896}.Release|Any CPU.ActiveCfg = Release|Any CPU
		{A13546CC-5858-486C-9B9B-DE97C05D4896}.Release|Any CPU.Build.0 = Release|Any CPU
	EndGlobalSection
	GlobalSection(SolutionProperties) = preSolution
		HideSolutionNode = FALSE
	EndGlobalSection
	GlobalSection(NestedProjects) = preSolution
		{5894D668-558A-4248-9FE6-65464138E3A8} = {52DED4E7-48C4-4DEA-98B8-B71869CC04DD}
		{3195389A-26D3-4322-AAAF-AE2BCF50FF26} = {52DED4E7-48C4-4DEA-98B8-B71869CC04DD}
		{9E94526B-D186-4501-ADAA-4BA976B1BB7A} = {52DED4E7-48C4-4DEA-98B8-B71869CC04DD}
		{492E19C0-48DD-4931-B89D-D178A21946A3} = {52DED4E7-48C4-4DEA-98B8-B71869CC04DD}
		{D6405202-2147-4DFC-A594-3C7DE99845AE} = {6F96AE70-5ED7-4499-8705-BC354B40C0AC}
		{A0B8BEBC-1DDA-4709-BACE-3867E034E74F} = {6F96AE70-5ED7-4499-8705-BC354B40C0AC}
		{8BD06B75-6AEF-430E-8E97-A1AE32D2AB7C} = {6F96AE70-5ED7-4499-8705-BC354B40C0AC}
		{4949C6AD-A25E-4D22-B3ED-5F0E48D5AB1E} = {6F96AE70-5ED7-4499-8705-BC354B40C0AC}
		{8C25428D-1D0D-468E-9337-2A276C2289BF} = {C6BBA36C-9C97-4AE6-91DC-7E944332886C}
		{2032E3D5-7366-46FB-B280-E9DD40155CCD} = {C6BBA36C-9C97-4AE6-91DC-7E944332886C}
		{D2A1F182-1DF0-4D65-8155-0C58A970E40C} = {C6BBA36C-9C97-4AE6-91DC-7E944332886C}
		{AB830EDB-8548-4D20-B886-82EB3DF99E1E} = {28C4F15B-2C34-4165-BE5C-D975A41117C7}
		{65A357D1-3254-4BED-BAD0-738939D5BD40} = {28C4F15B-2C34-4165-BE5C-D975A41117C7}
		{5A26C604-76F0-4F61-810D-7C4A79463BB9} = {28C4F15B-2C34-4165-BE5C-D975A41117C7}
		{AF7568B7-546E-4634-9797-4DFF5AEE9191} = {28C4F15B-2C34-4165-BE5C-D975A41117C7}
		{4B6898D7-90F3-448A-9B50-540EEED0EDEC} = {28C4F15B-2C34-4165-BE5C-D975A41117C7}
		{D5A2742E-383F-4529-8553-26D2A7B9A9A7} = {28C4F15B-2C34-4165-BE5C-D975A41117C7}
	EndGlobalSection
EndGlobal
